
Microsoft Visual Studio Solution File, Format Version 12.00
# Visual Studio Version 17
VisualStudioVersion = 17.1.32421.90
MinimumVisualStudioVersion = 10.0.40219.1
Project("{FAE04EC0-301F-11D3-BF4B-00C04F79EFBC}") = "DemoPresentation", "DemoPresentation\DemoPresentation.csproj", "{605508A1-5988-4D9B-9B79-831B09D8F0FD}"
EndProject
Project("{FAE04EC0-301F-11D3-BF4B-00C04F79EFBC}") = "Demo", "Demo\Demo.csproj", "{0FC35AB0-D2A6-48E7-8524-E5EA760259EC}"
EndProject
Global
	GlobalSection(SolutionConfigurationPlatforms) = preSolution
		Debug|Any CPU = Debug|Any CPU
		Release|Any CPU = Release|Any CPU
	EndGlobalSection
	GlobalSection(ProjectConfigurationPlatforms) = postSolution
		{605508A1-5988-4D9B-9B79-831B09D8F0FD}.Debug|Any CPU.ActiveCfg = Debug|Any CPU
		{605508A1-5988-4D9B-9B79-831B09D8F0FD}.Debug|Any CPU.Build.0 = Debug|Any CPU
		{605508A1-5988-4D9B-9B79-831B09D8F0FD}.Release|Any CPU.ActiveCfg = Release|Any CPU
		{605508A1-5988-4D9B-9B79-831B09D8F0FD}.Release|Any CPU.Build.0 = Release|Any CPU
		{0FC35AB0-D2A6-48E7-8524-E5EA760259EC}.Debug|Any CPU.ActiveCfg = Debug|Any CPU
		{0FC35AB0-D2A6-48E7-8524-E5EA760259EC}.Debug|Any CPU.Build.0 = Debug|Any CPU
		{0FC35AB0-D2A6-48E7-8524-E5EA760259EC}.Release|Any CPU.ActiveCfg = Release|Any CPU
		{0FC35AB0-D2A6-48E7-8524-E5EA760259EC}.Release|Any CPU.Build.0 = Release|Any CPU
	EndGlobalSection
	GlobalSection(SolutionProperties) = preSolution
		HideSolutionNode = FALSE
	EndGlobalSection
	GlobalSection(ExtensibilityGlobals) = postSolution
		SolutionGuid = {60135339-A77E-4F94-AB82-7C617F7A216B}
	EndGlobalSection
EndGlobal
